// !$*UTF8*$!
{
	archiveVersion = 1;
	classes = {
	};
	objectVersion = 56;
	objects = {

/* Begin PBXBuildFile section */
		EB38D2082B1923620090F68B /* AppDelegate.swift in Sources */ = {isa = PBXBuildFile; fileRef = EB38D2072B1923620090F68B /* AppDelegate.swift */; };
		EB38D20A2B1923620090F68B /* SceneDelegate.swift in Sources */ = {isa = PBXBuildFile; fileRef = EB38D2092B1923620090F68B /* SceneDelegate.swift */; };
		EB38D20C2B1923620090F68B /* ViewController.swift in Sources */ = {isa = PBXBuildFile; fileRef = EB38D20B2B1923620090F68B /* ViewController.swift */; };
		EB38D20F2B1923620090F68B /* Main.storyboard in Resources */ = {isa = PBXBuildFile; fileRef = EB38D20D2B1923620090F68B /* Main.storyboard */; };
		EB38D2112B1923640090F68B /* Assets.xcassets in Resources */ = {isa = PBXBuildFile; fileRef = EB38D2102B1923640090F68B /* Assets.xcassets */; };
		EB38D2142B1923640090F68B /* LaunchScreen.storyboard in Resources */ = {isa = PBXBuildFile; fileRef = EB38D2122B1923640090F68B /* LaunchScreen.storyboard */; };
		EB38D21F2B1923640090F68B /* MVVMCStudyTests.swift in Sources */ = {isa = PBXBuildFile; fileRef = EB38D21E2B1923640090F68B /* MVVMCStudyTests.swift */; };
		EB38D2292B1923640090F68B /* MVVMCStudyUITests.swift in Sources */ = {isa = PBXBuildFile; fileRef = EB38D2282B1923640090F68B /* MVVMCStudyUITests.swift */; };
		EB38D22B2B1923640090F68B /* MVVMCStudyUITestsLaunchTests.swift in Sources */ = {isa = PBXBuildFile; fileRef = EB38D22A2B1923640090F68B /* MVVMCStudyUITestsLaunchTests.swift */; };
		EB38D2382B1CFA180090F68B /* Coordinator.swift in Sources */ = {isa = PBXBuildFile; fileRef = EB38D2372B1CFA180090F68B /* Coordinator.swift */; };
		EB38D23A2B1CFB010090F68B /* MainCoordinator.swift in Sources */ = {isa = PBXBuildFile; fileRef = EB38D2392B1CFB010090F68B /* MainCoordinator.swift */; };
		EB38D23C2B1CFEDB0090F68B /* SomthingViewController.swift in Sources */ = {isa = PBXBuildFile; fileRef = EB38D23B2B1CFEDB0090F68B /* SomthingViewController.swift */; };
		EB38D23E2B1D01870090F68B /* ThirdViewController.swift in Sources */ = {isa = PBXBuildFile; fileRef = EB38D23D2B1D01870090F68B /* ThirdViewController.swift */; };
/* End PBXBuildFile section */

/* Begin PBXContainerItemProxy section */
		EB38D21B2B1923640090F68B /* PBXContainerItemProxy */ = {
			isa = PBXContainerItemProxy;
			containerPortal = EB38D1FC2B1923620090F68B /* Project object */;
			proxyType = 1;
			remoteGlobalIDString = EB38D2032B1923620090F68B;
			remoteInfo = MVVMCStudy;
		};
		EB38D2252B1923640090F68B /* PBXContainerItemProxy */ = {
			isa = PBXContainerItemProxy;
			containerPortal = EB38D1FC2B1923620090F68B /* Project object */;
			proxyType = 1;
			remoteGlobalIDString = EB38D2032B1923620090F68B;
			remoteInfo = MVVMCStudy;
		};
/* End PBXContainerItemProxy section */

/* Begin PBXFileReference section */
		EB38D2042B1923620090F68B /* MVVMCStudy.app */ = {isa = PBXFileReference; explicitFileType = wrapper.application; includeInIndex = 0; path = MVVMCStudy.app; sourceTree = BUILT_PRODUCTS_DIR; };
		EB38D2072B1923620090F68B /* AppDelegate.swift */ = {isa = PBXFileReference; lastKnownFileType = sourcecode.swift; path = AppDelegate.swift; sourceTree = "<group>"; };
		EB38D2092B1923620090F68B /* SceneDelegate.swift */ = {isa = PBXFileReference; lastKnownFileType = sourcecode.swift; path = SceneDelegate.swift; sourceTree = "<group>"; };
		EB38D20B2B1923620090F68B /* ViewController.swift */ = {isa = PBXFileReference; lastKnownFileType = sourcecode.swift; path = ViewController.swift; sourceTree = "<group>"; };
		EB38D20E2B1923620090F68B /* Base */ = {isa = PBXFileReference; lastKnownFileType = file.storyboard; name = Base; path = Base.lproj/Main.storyboard; sourceTree = "<group>"; };
		EB38D2102B1923640090F68B /* Assets.xcassets */ = {isa = PBXFileReference; lastKnownFileType = folder.assetcatalog; path = Assets.xcassets; sourceTree = "<group>"; };
		EB38D2132B1923640090F68B /* Base */ = {isa = PBXFileReference; lastKnownFileType = file.storyboard; name = Base; path = Base.lproj/LaunchScreen.storyboard; sourceTree = "<group>"; };
		EB38D2152B1923640090F68B /* Info.plist */ = {isa = PBXFileReference; lastKnownFileType = text.plist.xml; path = Info.plist; sourceTree = "<group>"; };
		EB38D21A2B1923640090F68B /* MVVMCStudyTests.xctest */ = {isa = PBXFileReference; explicitFileType = wrapper.cfbundle; includeInIndex = 0; path = MVVMCStudyTests.xctest; sourceTree = BUILT_PRODUCTS_DIR; };
		EB38D21E2B1923640090F68B /* MVVMCStudyTests.swift */ = {isa = PBXFileReference; lastKnownFileType = sourcecode.swift; path = MVVMCStudyTests.swift; sourceTree = "<group>"; };
		EB38D2242B1923640090F68B /* MVVMCStudyUITests.xctest */ = {isa = PBXFileReference; explicitFileType = wrapper.cfbundle; includeInIndex = 0; path = MVVMCStudyUITests.xctest; sourceTree = BUILT_PRODUCTS_DIR; };
		EB38D2282B1923640090F68B /* MVVMCStudyUITests.swift */ = {isa = PBXFileReference; lastKnownFileType = sourcecode.swift; path = MVVMCStudyUITests.swift; sourceTree = "<group>"; };
		EB38D22A2B1923640090F68B /* MVVMCStudyUITestsLaunchTests.swift */ = {isa = PBXFileReference; lastKnownFileType = sourcecode.swift; path = MVVMCStudyUITestsLaunchTests.swift; sourceTree = "<group>"; };
		EB38D2372B1CFA180090F68B /* Coordinator.swift */ = {isa = PBXFileReference; lastKnownFileType = sourcecode.swift; path = Coordinator.swift; sourceTree = "<group>"; };
		EB38D2392B1CFB010090F68B /* MainCoordinator.swift */ = {isa = PBXFileReference; lastKnownFileType = sourcecode.swift; path = MainCoordinator.swift; sourceTree = "<group>"; };
		EB38D23B2B1CFEDB0090F68B /* SomthingViewController.swift */ = {isa = PBXFileReference; lastKnownFileType = sourcecode.swift; path = SomthingViewController.swift; sourceTree = "<group>"; };
		EB38D23D2B1D01870090F68B /* ThirdViewController.swift */ = {isa = PBXFileReference; lastKnownFileType = sourcecode.swift; path = ThirdViewController.swift; sourceTree = "<group>"; };
/* End PBXFileReference section */

/* Begin PBXFrameworksBuildPhase section */
		EB38D2012B1923620090F68B /* Frameworks */ = {
			isa = PBXFrameworksBuildPhase;
			buildActionMask = 2147483647;
			files = (
			);
			runOnlyForDeploymentPostprocessing = 0;
		};
		EB38D2172B1923640090F68B /* Frameworks */ = {
			isa = PBXFrameworksBuildPhase;
			buildActionMask = 2147483647;
			files = (
			);
			runOnlyForDeploymentPostprocessing = 0;
		};
		EB38D2212B1923640090F68B /* Frameworks */ = {
			isa = PBXFrameworksBuildPhase;
			buildActionMask = 2147483647;
			files = (
			);
			runOnlyForDeploymentPostprocessing = 0;
		};
/* End PBXFrameworksBuildPhase section */

/* Begin PBXGroup section */
		EB38D1FB2B1923620090F68B = {
			isa = PBXGroup;
			children = (
				EB38D2062B1923620090F68B /* MVVMCStudy */,
				EB38D21D2B1923640090F68B /* MVVMCStudyTests */,
				EB38D2272B1923640090F68B /* MVVMCStudyUITests */,
				EB38D2052B1923620090F68B /* Products */,
			);
			sourceTree = "<group>";
		};
		EB38D2052B1923620090F68B /* Products */ = {
			isa = PBXGroup;
			children = (
				EB38D2042B1923620090F68B /* MVVMCStudy.app */,
				EB38D21A2B1923640090F68B /* MVVMCStudyTests.xctest */,
				EB38D2242B1923640090F68B /* MVVMCStudyUITests.xctest */,
			);
			name = Products;
			sourceTree = "<group>";
		};
		EB38D2062B1923620090F68B /* MVVMCStudy */ = {
			isa = PBXGroup;
			children = (
				EB38D2072B1923620090F68B /* AppDelegate.swift */,
				EB38D2092B1923620090F68B /* SceneDelegate.swift */,
				EB38D20B2B1923620090F68B /* ViewController.swift */,
				EB38D20D2B1923620090F68B /* Main.storyboard */,
				EB38D2102B1923640090F68B /* Assets.xcassets */,
				EB38D2122B1923640090F68B /* LaunchScreen.storyboard */,
				EB38D2152B1923640090F68B /* Info.plist */,
				EB38D2372B1CFA180090F68B /* Coordinator.swift */,
				EB38D2392B1CFB010090F68B /* MainCoordinator.swift */,
				EB38D23B2B1CFEDB0090F68B /* SomthingViewController.swift */,
				EB38D23D2B1D01870090F68B /* ThirdViewController.swift */,
			);
			path = MVVMCStudy;
			sourceTree = "<group>";
		};
		EB38D21D2B1923640090F68B /* MVVMCStudyTests */ = {
			isa = PBXGroup;
			children = (
				EB38D21E2B1923640090F68B /* MVVMCStudyTests.swift */,
			);
			path = MVVMCStudyTests;
			sourceTree = "<group>";
		};
		EB38D2272B1923640090F68B /* MVVMCStudyUITests */ = {
			isa = PBXGroup;
			children = (
				EB38D2282B1923640090F68B /* MVVMCStudyUITests.swift */,
				EB38D22A2B1923640090F68B /* MVVMCStudyUITestsLaunchTests.swift */,
			);
			path = MVVMCStudyUITests;
			sourceTree = "<group>";
		};
/* End PBXGroup section */

/* Begin PBXNativeTarget section */
		EB38D2032B1923620090F68B /* MVVMCStudy */ = {
			isa = PBXNativeTarget;
			buildConfigurationList = EB38D22E2B1923640090F68B /* Build configuration list for PBXNativeTarget "MVVMCStudy" */;
			buildPhases = (
				EB38D2002B1923620090F68B /* Sources */,
				EB38D2012B1923620090F68B /* Frameworks */,
				EB38D2022B1923620090F68B /* Resources */,
			);
			buildRules = (
			);
			dependencies = (
			);
			name = MVVMCStudy;
			productName = MVVMCStudy;
			productReference = EB38D2042B1923620090F68B /* MVVMCStudy.app */;
			productType = "com.apple.product-type.application";
		};
		EB38D2192B1923640090F68B /* MVVMCStudyTests */ = {
			isa = PBXNativeTarget;
			buildConfigurationList = EB38D2312B1923640090F68B /* Build configuration list for PBXNativeTarget "MVVMCStudyTests" */;
			buildPhases = (
				EB38D2162B1923640090F68B /* Sources */,
				EB38D2172B1923640090F68B /* Frameworks */,
				EB38D2182B1923640090F68B /* Resources */,
			);
			buildRules = (
			);
			dependencies = (
				EB38D21C2B1923640090F68B /* PBXTargetDependency */,
			);
			name = MVVMCStudyTests;
			productName = MVVMCStudyTests;
			productReference = EB38D21A2B1923640090F68B /* MVVMCStudyTests.xctest */;
			productType = "com.apple.product-type.bundle.unit-test";
		};
		EB38D2232B1923640090F68B /* MVVMCStudyUITests */ = {
			isa = PBXNativeTarget;
			buildConfigurationList = EB38D2342B1923640090F68B /* Build configuration list for PBXNativeTarget "MVVMCStudyUITests" */;
			buildPhases = (
				EB38D2202B1923640090F68B /* Sources */,
				EB38D2212B1923640090F68B /* Frameworks */,
				EB38D2222B1923640090F68B /* Resources */,
			);
			buildRules = (
			);
			dependencies = (
				EB38D2262B1923640090F68B /* PBXTargetDependency */,
			);
			name = MVVMCStudyUITests;
			productName = MVVMCStudyUITests;
			productReference = EB38D2242B1923640090F68B /* MVVMCStudyUITests.xctest */;
			productType = "com.apple.product-type.bundle.ui-testing";
		};
/* End PBXNativeTarget section */

/* Begin PBXProject section */
		EB38D1FC2B1923620090F68B /* Project object */ = {
			isa = PBXProject;
			attributes = {
				BuildIndependentTargetsInParallel = 1;
				LastSwiftUpdateCheck = 1500;
				LastUpgradeCheck = 1500;
				TargetAttributes = {
					EB38D2032B1923620090F68B = {
						CreatedOnToolsVersion = 15.0;
					};
					EB38D2192B1923640090F68B = {
						CreatedOnToolsVersion = 15.0;
						TestTargetID = EB38D2032B1923620090F68B;
					};
					EB38D2232B1923640090F68B = {
						CreatedOnToolsVersion = 15.0;
						TestTargetID = EB38D2032B1923620090F68B;
					};
				};
			};
			buildConfigurationList = EB38D1FF2B1923620090F68B /* Build configuration list for PBXProject "MVVMCStudy" */;
			compatibilityVersion = "Xcode 14.0";
			developmentRegion = en;
			hasScannedForEncodings = 0;
			knownRegions = (
				en,
				Base,
			);
			mainGroup = EB38D1FB2B1923620090F68B;
			productRefGroup = EB38D2052B1923620090F68B /* Products */;
			projectDirPath = "";
			projectRoot = "";
			targets = (
				EB38D2032B1923620090F68B /* MVVMCStudy */,
				EB38D2192B1923640090F68B /* MVVMCStudyTests */,
				EB38D2232B1923640090F68B /* MVVMCStudyUITests */,
			);
		};
/* End PBXProject section */

/* Begin PBXResourcesBuildPhase section */
		EB38D2022B1923620090F68B /* Resources */ = {
			isa = PBXResourcesBuildPhase;
			buildActionMask = 2147483647;
			files = (
				EB38D2142B1923640090F68B /* LaunchScreen.storyboard in Resources */,
				EB38D2112B1923640090F68B /* Assets.xcassets in Resources */,
				EB38D20F2B1923620090F68B /* Main.storyboard in Resources */,
			);
			runOnlyForDeploymentPostprocessing = 0;
		};
		EB38D2182B1923640090F68B /* Resources */ = {
			isa = PBXResourcesBuildPhase;
			buildActionMask = 2147483647;
			files = (
			);
			runOnlyForDeploymentPostprocessing = 0;
		};
		EB38D2222B1923640090F68B /* Resources */ = {
			isa = PBXResourcesBuildPhase;
			buildActionMask = 2147483647;
			files = (
			);
			runOnlyForDeploymentPostprocessing = 0;
		};
/* End PBXResourcesBuildPhase section */

/* Begin PBXSourcesBuildPhase section */
		EB38D2002B1923620090F68B /* Sources */ = {
			isa = PBXSourcesBuildPhase;
			buildActionMask = 2147483647;
			files = (
				EB38D2382B1CFA180090F68B /* Coordinator.swift in Sources */,
				EB38D23C2B1CFEDB0090F68B /* SomthingViewController.swift in Sources */,
				EB38D20C2B1923620090F68B /* ViewController.swift in Sources */,
				EB38D23E2B1D01870090F68B /* ThirdViewController.swift in Sources */,
				EB38D2082B1923620090F68B /* AppDelegate.swift in Sources */,
				EB38D23A2B1CFB010090F68B /* MainCoordinator.swift in Sources */,
				EB38D20A2B1923620090F68B /* SceneDelegate.swift in Sources */,
			);
			runOnlyForDeploymentPostprocessing = 0;
		};
		EB38D2162B1923640090F68B /* Sources */ = {
			isa = PBXSourcesBuildPhase;
			buildActionMask = 2147483647;
			files = (
				EB38D21F2B1923640090F68B /* MVVMCStudyTests.swift in Sources */,
			);
			runOnlyForDeploymentPostprocessing = 0;
		};
		EB38D2202B1923640090F68B /* Sources */ = {
			isa = PBXSourcesBuildPhase;
			buildActionMask = 2147483647;
			files = (
				EB38D22B2B1923640090F68B /* MVVMCStudyUITestsLaunchTests.swift in Sources */,
				EB38D2292B1923640090F68B /* MVVMCStudyUITests.swift in Sources */,
			);
			runOnlyForDeploymentPostprocessing = 0;
		};
/* End PBXSourcesBuildPhase section */

/* Begin PBXTargetDependency section */
		EB38D21C2B1923640090F68B /* PBXTargetDependency */ = {
			isa = PBXTargetDependency;
			target = EB38D2032B1923620090F68B /* MVVMCStudy */;
			targetProxy = EB38D21B2B1923640090F68B /* PBXContainerItemProxy */;
		};
		EB38D2262B1923640090F68B /* PBXTargetDependency */ = {
			isa = PBXTargetDependency;
			target = EB38D2032B1923620090F68B /* MVVMCStudy */;
			targetProxy = EB38D2252B1923640090F68B /* PBXContainerItemProxy */;
		};
/* End PBXTargetDependency section */

/* Begin PBXVariantGroup section */
		EB38D20D2B1923620090F68B /* Main.storyboard */ = {
			isa = PBXVariantGroup;
			children = (
				EB38D20E2B1923620090F68B /* Base */,
			);
			name = Main.storyboard;
			sourceTree = "<group>";
		};
		EB38D2122B1923640090F68B /* LaunchScreen.storyboard */ = {
			isa = PBXVariantGroup;
			children = (
				EB38D2132B1923640090F68B /* Base */,
			);
			name = LaunchScreen.storyboard;
			sourceTree = "<group>";
		};
/* End PBXVariantGroup section */

/* Begin XCBuildConfiguration section */
		EB38D22C2B1923640090F68B /* Debug */ = {
			isa = XCBuildConfiguration;
			buildSettings = {
				ALWAYS_SEARCH_USER_PATHS = NO;
				ASSETCATALOG_COMPILER_GENERATE_SWIFT_ASSET_SYMBOL_EXTENSIONS = YES;
				CLANG_ANALYZER_NONNULL = YES;
				CLANG_ANALYZER_NUMBER_OBJECT_CONVERSION = YES_AGGRESSIVE;
				CLANG_CXX_LANGUAGE_STANDARD = "gnu++20";
				CLANG_ENABLE_MODULES = YES;
				CLANG_ENABLE_OBJC_ARC = YES;
				CLANG_ENABLE_OBJC_WEAK = YES;
				CLANG_WARN_BLOCK_CAPTURE_AUTORELEASING = YES;
				CLANG_WARN_BOOL_CONVERSION = YES;
				CLANG_WARN_COMMA = YES;
				CLANG_WARN_CONSTANT_CONVERSION = YES;
				CLANG_WARN_DEPRECATED_OBJC_IMPLEMENTATIONS = YES;
				CLANG_WARN_DIRECT_OBJC_ISA_USAGE = YES_ERROR;
				CLANG_WARN_DOCUMENTATION_COMMENTS = YES;
				CLANG_WARN_EMPTY_BODY = YES;
				CLANG_WARN_ENUM_CONVERSION = YES;
				CLANG_WARN_INFINITE_RECURSION = YES;
				CLANG_WARN_INT_CONVERSION = YES;
				CLANG_WARN_NON_LITERAL_NULL_CONVERSION = YES;
				CLANG_WARN_OBJC_IMPLICIT_RETAIN_SELF = YES;
				CLANG_WARN_OBJC_LITERAL_CONVERSION = YES;
				CLANG_WARN_OBJC_ROOT_CLASS = YES_ERROR;
				CLANG_WARN_QUOTED_INCLUDE_IN_FRAMEWORK_HEADER = YES;
				CLANG_WARN_RANGE_LOOP_ANALYSIS = YES;
				CLANG_WARN_STRICT_PROTOTYPES = YES;
				CLANG_WARN_SUSPICIOUS_MOVE = YES;
				CLANG_WARN_UNGUARDED_AVAILABILITY = YES_AGGRESSIVE;
				CLANG_WARN_UNREACHABLE_CODE = YES;
				CLANG_WARN__DUPLICATE_METHOD_MATCH = YES;
				COPY_PHASE_STRIP = NO;
				DEBUG_INFORMATION_FORMAT = dwarf;
				ENABLE_STRICT_OBJC_MSGSEND = YES;
				ENABLE_TESTABILITY = YES;
				ENABLE_USER_SCRIPT_SANDBOXING = YES;
				GCC_C_LANGUAGE_STANDARD = gnu17;
				GCC_DYNAMIC_NO_PIC = NO;
				GCC_NO_COMMON_BLOCKS = YES;
				GCC_OPTIMIZATION_LEVEL = 0;
				GCC_PREPROCESSOR_DEFINITIONS = (
					"DEBUG=1",
					"$(inherited)",
				);
				GCC_WARN_64_TO_32_BIT_CONVERSION = YES;
				GCC_WARN_ABOUT_RETURN_TYPE = YES_ERROR;
				GCC_WARN_UNDECLARED_SELECTOR = YES;
				GCC_WARN_UNINITIALIZED_AUTOS = YES_AGGRESSIVE;
				GCC_WARN_UNUSED_FUNCTION = YES;
				GCC_WARN_UNUSED_VARIABLE = YES;
				IPHONEOS_DEPLOYMENT_TARGET = 17.0;
				LOCALIZATION_PREFERS_STRING_CATALOGS = YES;
				MTL_ENABLE_DEBUG_INFO = INCLUDE_SOURCE;
				MTL_FAST_MATH = YES;
				ONLY_ACTIVE_ARCH = YES;
				SDKROOT = iphoneos;
				SWIFT_ACTIVE_COMPILATION_CONDITIONS = "DEBUG $(inherited)";
				SWIFT_OPTIMIZATION_LEVEL = "-Onone";
			};
			name = Debug;
		};
		EB38D22D2B1923640090F68B /* Release */ = {
			isa = XCBuildConfiguration;
			buildSettings = {
				ALWAYS_SEARCH_USER_PATHS = NO;
				ASSETCATALOG_COMPILER_GENERATE_SWIFT_ASSET_SYMBOL_EXTENSIONS = YES;
				CLANG_ANALYZER_NONNULL = YES;
				CLANG_ANALYZER_NUMBER_OBJECT_CONVERSION = YES_AGGRESSIVE;
				CLANG_CXX_LANGUAGE_STANDARD = "gnu++20";
				CLANG_ENABLE_MODULES = YES;
				CLANG_ENABLE_OBJC_ARC = YES;
				CLANG_ENABLE_OBJC_WEAK = YES;
				CLANG_WARN_BLOCK_CAPTURE_AUTORELEASING = YES;
				CLANG_WARN_BOOL_CONVERSION = YES;
				CLANG_WARN_COMMA = YES;
				CLANG_WARN_CONSTANT_CONVERSION = YES;
				CLANG_WARN_DEPRECATED_OBJC_IMPLEMENTATIONS = YES;
				CLANG_WARN_DIRECT_OBJC_ISA_USAGE = YES_ERROR;
				CLANG_WARN_DOCUMENTATION_COMMENTS = YES;
				CLANG_WARN_EMPTY_BODY = YES;
				CLANG_WARN_ENUM_CONVERSION = YES;
				CLANG_WARN_INFINITE_RECURSION = YES;
				CLANG_WARN_INT_CONVERSION = YES;
				CLANG_WARN_NON_LITERAL_NULL_CONVERSION = YES;
				CLANG_WARN_OBJC_IMPLICIT_RETAIN_SELF = YES;
				CLANG_WARN_OBJC_LITERAL_CONVERSION = YES;
				CLANG_WARN_OBJC_ROOT_CLASS = YES_ERROR;
				CLANG_WARN_QUOTED_INCLUDE_IN_FRAMEWORK_HEADER = YES;
				CLANG_WARN_RANGE_LOOP_ANALYSIS = YES;
				CLANG_WARN_STRICT_PROTOTYPES = YES;
				CLANG_WARN_SUSPICIOUS_MOVE = YES;
				CLANG_WARN_UNGUARDED_AVAILABILITY = YES_AGGRESSIVE;
				CLANG_WARN_UNREACHABLE_CODE = YES;
				CLANG_WARN__DUPLICATE_METHOD_MATCH = YES;
				COPY_PHASE_STRIP = NO;
				DEBUG_INFORMATION_FORMAT = "dwarf-with-dsym";
				ENABLE_NS_ASSERTIONS = NO;
				ENABLE_STRICT_OBJC_MSGSEND = YES;
				ENABLE_USER_SCRIPT_SANDBOXING = YES;
				GCC_C_LANGUAGE_STANDARD = gnu17;
				GCC_NO_COMMON_BLOCKS = YES;
				GCC_WARN_64_TO_32_BIT_CONVERSION = YES;
				GCC_WARN_ABOUT_RETURN_TYPE = YES_ERROR;
				GCC_WARN_UNDECLARED_SELECTOR = YES;
				GCC_WARN_UNINITIALIZED_AUTOS = YES_AGGRESSIVE;
				GCC_WARN_UNUSED_FUNCTION = YES;
				GCC_WARN_UNUSED_VARIABLE = YES;
				IPHONEOS_DEPLOYMENT_TARGET = 17.0;
				LOCALIZATION_PREFERS_STRING_CATALOGS = YES;
				MTL_ENABLE_DEBUG_INFO = NO;
				MTL_FAST_MATH = YES;
				SDKROOT = iphoneos;
				SWIFT_COMPILATION_MODE = wholemodule;
				VALIDATE_PRODUCT = YES;
			};
			name = Release;
		};
		EB38D22F2B1923640090F68B /* Debug */ = {
			isa = XCBuildConfiguration;
			buildSettings = {
				ASSETCATALOG_COMPILER_APPICON_NAME = AppIcon;
				ASSETCATALOG_COMPILER_GLOBAL_ACCENT_COLOR_NAME = AccentColor;
				CODE_SIGN_STYLE = Automatic;
				CURRENT_PROJECT_VERSION = 1;
				GENERATE_INFOPLIST_FILE = YES;
				INFOPLIST_FILE = MVVMCStudy/Info.plist;
				INFOPLIST_KEY_UIApplicationSupportsIndirectInputEvents = YES;
				INFOPLIST_KEY_UILaunchStoryboardName = LaunchScreen;
				INFOPLIST_KEY_UIMainStoryboardFile = Main;
				INFOPLIST_KEY_UISupportedInterfaceOrientations_iPad = "UIInterfaceOrientationPortrait UIInterfaceOrientationPortraitUpsideDown UIInterfaceOrientationLandscapeLeft UIInterfaceOrientationLandscapeRight";
				INFOPLIST_KEY_UISupportedInterfaceOrientations_iPhone = "UIInterfaceOrientationPortrait UIInterfaceOrientationLandscapeLeft UIInterfaceOrientationLandscapeRight";
				LD_RUNPATH_SEARCH_PATHS = (
					"$(inherited)",
					"@executable_path/Frameworks",
				);
				MARKETING_VERSION = 1.0;
				PRODUCT_BUNDLE_IDENTIFIER = stuff.MVVMCStudy;
				PRODUCT_NAME = "$(TARGET_NAME)";
				SWIFT_EMIT_LOC_STRINGS = YES;
				SWIFT_VERSION = 5.0;
				TARGETED_DEVICE_FAMILY = "1,2";
			};
			name = Debug;
		};
		EB38D2302B1923640090F68B /* Release */ = {
			isa = XCBuildConfiguration;
			buildSettings = {
				ASSETCATALOG_COMPILER_APPICON_NAME = AppIcon;
				ASSETCATALOG_COMPILER_GLOBAL_ACCENT_COLOR_NAME = AccentColor;
				CODE_SIGN_STYLE = Automatic;
				CURRENT_PROJECT_VERSION = 1;
				GENERATE_INFOPLIST_FILE = YES;
				INFOPLIST_FILE = MVVMCStudy/Info.plist;
				INFOPLIST_KEY_UIApplicationSupportsIndirectInputEvents = YES;
				INFOPLIST_KEY_UILaunchStoryboardName = LaunchScreen;
				INFOPLIST_KEY_UIMainStoryboardFile = Main;
				INFOPLIST_KEY_UISupportedInterfaceOrientations_iPad = "UIInterfaceOrientationPortrait UIInterfaceOrientationPortraitUpsideDown UIInterfaceOrientationLandscapeLeft UIInterfaceOrientationLandscapeRight";
				INFOPLIST_KEY_UISupportedInterfaceOrientations_iPhone = "UIInterfaceOrientationPortrait UIInterfaceOrientationLandscapeLeft UIInterfaceOrientationLandscapeRight";
				LD_RUNPATH_SEARCH_PATHS = (
					"$(inherited)",
					"@executable_path/Frameworks",
				);
				MARKETING_VERSION = 1.0;
				PRODUCT_BUNDLE_IDENTIFIER = stuff.MVVMCStudy;
				PRODUCT_NAME = "$(TARGET_NAME)";
				SWIFT_EMIT_LOC_STRINGS = YES;
				SWIFT_VERSION = 5.0;
				TARGETED_DEVICE_FAMILY = "1,2";
			};
			name = Release;
		};
		EB38D2322B1923640090F68B /* Debug */ = {
			isa = XCBuildConfiguration;
			buildSettings = {
				ALWAYS_EMBED_SWIFT_STANDARD_LIBRARIES = YES;
				BUNDLE_LOADER = "$(TEST_HOST)";
				CODE_SIGN_STYLE = Automatic;
				CURRENT_PROJECT_VERSION = 1;
				GENERATE_INFOPLIST_FILE = YES;
				IPHONEOS_DEPLOYMENT_TARGET = 17.0;
				MARKETING_VERSION = 1.0;
				PRODUCT_BUNDLE_IDENTIFIER = stuff.MVVMCStudyTests;
				PRODUCT_NAME = "$(TARGET_NAME)";
				SWIFT_EMIT_LOC_STRINGS = NO;
				SWIFT_VERSION = 5.0;
				TARGETED_DEVICE_FAMILY = "1,2";
				TEST_HOST = "$(BUILT_PRODUCTS_DIR)/MVVMCStudy.app/$(BUNDLE_EXECUTABLE_FOLDER_PATH)/MVVMCStudy";
			};
			name = Debug;
		};
		EB38D2332B1923640090F68B /* Release */ = {
			isa = XCBuildConfiguration;
			buildSettings = {
				ALWAYS_EMBED_SWIFT_STANDARD_LIBRARIES = YES;
				BUNDLE_LOADER = "$(TEST_HOST)";
				CODE_SIGN_STYLE = Automatic;
				CURRENT_PROJECT_VERSION = 1;
				GENERATE_INFOPLIST_FILE = YES;
				IPHONEOS_DEPLOYMENT_TARGET = 17.0;
				MARKETING_VERSION = 1.0;
				PRODUCT_BUNDLE_IDENTIFIER = stuff.MVVMCStudyTests;
				PRODUCT_NAME = "$(TARGET_NAME)";
				SWIFT_EMIT_LOC_STRINGS = NO;
				SWIFT_VERSION = 5.0;
				TARGETED_DEVICE_FAMILY = "1,2";
				TEST_HOST = "$(BUILT_PRODUCTS_DIR)/MVVMCStudy.app/$(BUNDLE_EXECUTABLE_FOLDER_PATH)/MVVMCStudy";
			};
			name = Release;
		};
		EB38D2352B1923640090F68B /* Debug */ = {
			isa = XCBuildConfiguration;
			buildSettings = {
				ALWAYS_EMBED_SWIFT_STANDARD_LIBRARIES = YES;
				CODE_SIGN_STYLE = Automatic;
				CURRENT_PROJECT_VERSION = 1;
				GENERATE_INFOPLIST_FILE = YES;
				MARKETING_VERSION = 1.0;
				PRODUCT_BUNDLE_IDENTIFIER = stuff.MVVMCStudyUITests;
				PRODUCT_NAME = "$(TARGET_NAME)";
				SWIFT_EMIT_LOC_STRINGS = NO;
				SWIFT_VERSION = 5.0;
				TARGETED_DEVICE_FAMILY = "1,2";
				TEST_TARGET_NAME = MVVMCStudy;
			};
			name = Debug;
		};
		EB38D2362B1923640090F68B /* Release */ = {
			isa = XCBuildConfiguration;
			buildSettings = {
				ALWAYS_EMBED_SWIFT_STANDARD_LIBRARIES = YES;
				CODE_SIGN_STYLE = Automatic;
				CURRENT_PROJECT_VERSION = 1;
				GENERATE_INFOPLIST_FILE = YES;
				MARKETING_VERSION = 1.0;
				PRODUCT_BUNDLE_IDENTIFIER = stuff.MVVMCStudyUITests;
				PRODUCT_NAME = "$(TARGET_NAME)";
				SWIFT_EMIT_LOC_STRINGS = NO;
				SWIFT_VERSION = 5.0;
				TARGETED_DEVICE_FAMILY = "1,2";
				TEST_TARGET_NAME = MVVMCStudy;
			};
			name = Release;
		};
/* End XCBuildConfiguration section */

/* Begin XCConfigurationList section */
		EB38D1FF2B1923620090F68B /* Build configuration list for PBXProject "MVVMCStudy" */ = {
			isa = XCConfigurationList;
			buildConfigurations = (
				EB38D22C2B1923640090F68B /* Debug */,
				EB38D22D2B1923640090F68B /* Release */,
			);
			defaultConfigurationIsVisible = 0;
			defaultConfigurationName = Release;
		};
		EB38D22E2B1923640090F68B /* Build configuration list for PBXNativeTarget "MVVMCStudy" */ = {
			isa = XCConfigurationList;
			buildConfigurations = (
				EB38D22F2B1923640090F68B /* Debug */,
				EB38D2302B1923640090F68B /* Release */,
			);
			defaultConfigurationIsVisible = 0;
			defaultConfigurationName = Release;
		};
		EB38D2312B1923640090F68B /* Build configuration list for PBXNativeTarget "MVVMCStudyTests" */ = {
			isa = XCConfigurationList;
			buildConfigurations = (
				EB38D2322B1923640090F68B /* Debug */,
				EB38D2332B1923640090F68B /* Release */,
			);
			defaultConfigurationIsVisible = 0;
			defaultConfigurationName = Release;
		};
		EB38D2342B1923640090F68B /* Build configuration list for PBXNativeTarget "MVVMCStudyUITests" */ = {
			isa = XCConfigurationList;
			buildConfigurations = (
				EB38D2352B1923640090F68B /* Debug */,
				EB38D2362B1923640090F68B /* Release */,
			);
			defaultConfigurationIsVisible = 0;
			defaultConfigurationName = Release;
		};
/* End XCConfigurationList section */
	};
	rootObject = EB38D1FC2B1923620090F68B /* Project object */;
}
