// !$*UTF8*$!
{
	archiveVersion = 1;
	classes = {
	};
	objectVersion = 56;
	objects = {

/* Begin PBXBuildFile section */
		EBB1610D2B0BA50800A9810F /* CombiningSwiftUIApp.swift in Sources */ = {isa = PBXBuildFile; fileRef = EBB1610C2B0BA50800A9810F /* CombiningSwiftUIApp.swift */; };
		EBB1610F2B0BA50800A9810F /* ContentView.swift in Sources */ = {isa = PBXBuildFile; fileRef = EBB1610E2B0BA50800A9810F /* ContentView.swift */; };
		EBB161112B0BA50A00A9810F /* Assets.xcassets in Resources */ = {isa = PBXBuildFile; fileRef = EBB161102B0BA50A00A9810F /* Assets.xcassets */; };
		EBB161142B0BA50A00A9810F /* Preview Assets.xcassets in Resources */ = {isa = PBXBuildFile; fileRef = EBB161132B0BA50A00A9810F /* Preview Assets.xcassets */; };
		EBB1611E2B0BA50A00A9810F /* CombiningSwiftUITests.swift in Sources */ = {isa = PBXBuildFile; fileRef = EBB1611D2B0BA50A00A9810F /* CombiningSwiftUITests.swift */; };
		EBB161282B0BA50A00A9810F /* CombiningSwiftUIUITests.swift in Sources */ = {isa = PBXBuildFile; fileRef = EBB161272B0BA50A00A9810F /* CombiningSwiftUIUITests.swift */; };
		EBB1612A2B0BA50A00A9810F /* CombiningSwiftUIUITestsLaunchTests.swift in Sources */ = {isa = PBXBuildFile; fileRef = EBB161292B0BA50A00A9810F /* CombiningSwiftUIUITestsLaunchTests.swift */; };
/* End PBXBuildFile section */

/* Begin PBXContainerItemProxy section */
		EBB1611A2B0BA50A00A9810F /* PBXContainerItemProxy */ = {
			isa = PBXContainerItemProxy;
			containerPortal = EBB161012B0BA50700A9810F /* Project object */;
			proxyType = 1;
			remoteGlobalIDString = EBB161082B0BA50800A9810F;
			remoteInfo = CombiningSwiftUI;
		};
		EBB161242B0BA50A00A9810F /* PBXContainerItemProxy */ = {
			isa = PBXContainerItemProxy;
			containerPortal = EBB161012B0BA50700A9810F /* Project object */;
			proxyType = 1;
			remoteGlobalIDString = EBB161082B0BA50800A9810F;
			remoteInfo = CombiningSwiftUI;
		};
/* End PBXContainerItemProxy section */

/* Begin PBXFileReference section */
		EBB161092B0BA50800A9810F /* CombiningSwiftUI.app */ = {isa = PBXFileReference; explicitFileType = wrapper.application; includeInIndex = 0; path = CombiningSwiftUI.app; sourceTree = BUILT_PRODUCTS_DIR; };
		EBB1610C2B0BA50800A9810F /* CombiningSwiftUIApp.swift */ = {isa = PBXFileReference; lastKnownFileType = sourcecode.swift; path = CombiningSwiftUIApp.swift; sourceTree = "<group>"; };
		EBB1610E2B0BA50800A9810F /* ContentView.swift */ = {isa = PBXFileReference; lastKnownFileType = sourcecode.swift; path = ContentView.swift; sourceTree = "<group>"; };
		EBB161102B0BA50A00A9810F /* Assets.xcassets */ = {isa = PBXFileReference; lastKnownFileType = folder.assetcatalog; path = Assets.xcassets; sourceTree = "<group>"; };
		EBB161132B0BA50A00A9810F /* Preview Assets.xcassets */ = {isa = PBXFileReference; lastKnownFileType = folder.assetcatalog; path = "Preview Assets.xcassets"; sourceTree = "<group>"; };
		EBB161192B0BA50A00A9810F /* CombiningSwiftUITests.xctest */ = {isa = PBXFileReference; explicitFileType = wrapper.cfbundle; includeInIndex = 0; path = CombiningSwiftUITests.xctest; sourceTree = BUILT_PRODUCTS_DIR; };
		EBB1611D2B0BA50A00A9810F /* CombiningSwiftUITests.swift */ = {isa = PBXFileReference; lastKnownFileType = sourcecode.swift; path = CombiningSwiftUITests.swift; sourceTree = "<group>"; };
		EBB161232B0BA50A00A9810F /* CombiningSwiftUIUITests.xctest */ = {isa = PBXFileReference; explicitFileType = wrapper.cfbundle; includeInIndex = 0; path = CombiningSwiftUIUITests.xctest; sourceTree = BUILT_PRODUCTS_DIR; };
		EBB161272B0BA50A00A9810F /* CombiningSwiftUIUITests.swift */ = {isa = PBXFileReference; lastKnownFileType = sourcecode.swift; path = CombiningSwiftUIUITests.swift; sourceTree = "<group>"; };
		EBB161292B0BA50A00A9810F /* CombiningSwiftUIUITestsLaunchTests.swift */ = {isa = PBXFileReference; lastKnownFileType = sourcecode.swift; path = CombiningSwiftUIUITestsLaunchTests.swift; sourceTree = "<group>"; };
/* End PBXFileReference section */

/* Begin PBXFrameworksBuildPhase section */
		EBB161062B0BA50800A9810F /* Frameworks */ = {
			isa = PBXFrameworksBuildPhase;
			buildActionMask = 2147483647;
			files = (
			);
			runOnlyForDeploymentPostprocessing = 0;
		};
		EBB161162B0BA50A00A9810F /* Frameworks */ = {
			isa = PBXFrameworksBuildPhase;
			buildActionMask = 2147483647;
			files = (
			);
			runOnlyForDeploymentPostprocessing = 0;
		};
		EBB161202B0BA50A00A9810F /* Frameworks */ = {
			isa = PBXFrameworksBuildPhase;
			buildActionMask = 2147483647;
			files = (
			);
			runOnlyForDeploymentPostprocessing = 0;
		};
/* End PBXFrameworksBuildPhase section */

/* Begin PBXGroup section */
		EBB161002B0BA50700A9810F = {
			isa = PBXGroup;
			children = (
				EBB161372B0BABC100A9810F /* NetworkManager */,
				EBB1610B2B0BA50800A9810F /* CombiningSwiftUI */,
				EBB1611C2B0BA50A00A9810F /* CombiningSwiftUITests */,
				EBB161262B0BA50A00A9810F /* CombiningSwiftUIUITests */,
				EBB1610A2B0BA50800A9810F /* Products */,
			);
			sourceTree = "<group>";
		};
		EBB1610A2B0BA50800A9810F /* Products */ = {
			isa = PBXGroup;
			children = (
				EBB161092B0BA50800A9810F /* CombiningSwiftUI.app */,
				EBB161192B0BA50A00A9810F /* CombiningSwiftUITests.xctest */,
				EBB161232B0BA50A00A9810F /* CombiningSwiftUIUITests.xctest */,
			);
			name = Products;
			sourceTree = "<group>";
		};
		EBB1610B2B0BA50800A9810F /* CombiningSwiftUI */ = {
			isa = PBXGroup;
			children = (
				EBB1610C2B0BA50800A9810F /* CombiningSwiftUIApp.swift */,
				EBB1610E2B0BA50800A9810F /* ContentView.swift */,
				EBB161102B0BA50A00A9810F /* Assets.xcassets */,
				EBB161122B0BA50A00A9810F /* Preview Content */,
			);
			path = CombiningSwiftUI;
			sourceTree = "<group>";
		};
		EBB161122B0BA50A00A9810F /* Preview Content */ = {
			isa = PBXGroup;
			children = (
				EBB161132B0BA50A00A9810F /* Preview Assets.xcassets */,
			);
			path = "Preview Content";
			sourceTree = "<group>";
		};
		EBB1611C2B0BA50A00A9810F /* CombiningSwiftUITests */ = {
			isa = PBXGroup;
			children = (
				EBB1611D2B0BA50A00A9810F /* CombiningSwiftUITests.swift */,
			);
			path = CombiningSwiftUITests;
			sourceTree = "<group>";
		};
		EBB161262B0BA50A00A9810F /* CombiningSwiftUIUITests */ = {
			isa = PBXGroup;
			children = (
				EBB161272B0BA50A00A9810F /* CombiningSwiftUIUITests.swift */,
				EBB161292B0BA50A00A9810F /* CombiningSwiftUIUITestsLaunchTests.swift */,
			);
			path = CombiningSwiftUIUITests;
			sourceTree = "<group>";
		};
		EBB161372B0BABC100A9810F /* NetworkManager */ = {
			isa = PBXGroup;
			children = (
			);
			path = NetworkManager;
			sourceTree = "<group>";
		};
/* End PBXGroup section */

/* Begin PBXNativeTarget section */
		EBB161082B0BA50800A9810F /* CombiningSwiftUI */ = {
			isa = PBXNativeTarget;
			buildConfigurationList = EBB1612D2B0BA50A00A9810F /* Build configuration list for PBXNativeTarget "CombiningSwiftUI" */;
			buildPhases = (
				EBB161052B0BA50800A9810F /* Sources */,
				EBB161062B0BA50800A9810F /* Frameworks */,
				EBB161072B0BA50800A9810F /* Resources */,
			);
			buildRules = (
			);
			dependencies = (
			);
			name = CombiningSwiftUI;
			productName = CombiningSwiftUI;
			productReference = EBB161092B0BA50800A9810F /* CombiningSwiftUI.app */;
			productType = "com.apple.product-type.application";
		};
		EBB161182B0BA50A00A9810F /* CombiningSwiftUITests */ = {
			isa = PBXNativeTarget;
			buildConfigurationList = EBB161302B0BA50A00A9810F /* Build configuration list for PBXNativeTarget "CombiningSwiftUITests" */;
			buildPhases = (
				EBB161152B0BA50A00A9810F /* Sources */,
				EBB161162B0BA50A00A9810F /* Frameworks */,
				EBB161172B0BA50A00A9810F /* Resources */,
			);
			buildRules = (
			);
			dependencies = (
				EBB1611B2B0BA50A00A9810F /* PBXTargetDependency */,
			);
			name = CombiningSwiftUITests;
			productName = CombiningSwiftUITests;
			productReference = EBB161192B0BA50A00A9810F /* CombiningSwiftUITests.xctest */;
			productType = "com.apple.product-type.bundle.unit-test";
		};
		EBB161222B0BA50A00A9810F /* CombiningSwiftUIUITests */ = {
			isa = PBXNativeTarget;
			buildConfigurationList = EBB161332B0BA50A00A9810F /* Build configuration list for PBXNativeTarget "CombiningSwiftUIUITests" */;
			buildPhases = (
				EBB1611F2B0BA50A00A9810F /* Sources */,
				EBB161202B0BA50A00A9810F /* Frameworks */,
				EBB161212B0BA50A00A9810F /* Resources */,
			);
			buildRules = (
			);
			dependencies = (
				EBB161252B0BA50A00A9810F /* PBXTargetDependency */,
			);
			name = CombiningSwiftUIUITests;
			productName = CombiningSwiftUIUITests;
			productReference = EBB161232B0BA50A00A9810F /* CombiningSwiftUIUITests.xctest */;
			productType = "com.apple.product-type.bundle.ui-testing";
		};
/* End PBXNativeTarget section */

/* Begin PBXProject section */
		EBB161012B0BA50700A9810F /* Project object */ = {
			isa = PBXProject;
			attributes = {
				BuildIndependentTargetsInParallel = 1;
				LastSwiftUpdateCheck = 1500;
				LastUpgradeCheck = 1500;
				TargetAttributes = {
					EBB161082B0BA50800A9810F = {
						CreatedOnToolsVersion = 15.0;
					};
					EBB161182B0BA50A00A9810F = {
						CreatedOnToolsVersion = 15.0;
						TestTargetID = EBB161082B0BA50800A9810F;
					};
					EBB161222B0BA50A00A9810F = {
						CreatedOnToolsVersion = 15.0;
						TestTargetID = EBB161082B0BA50800A9810F;
					};
				};
			};
			buildConfigurationList = EBB161042B0BA50700A9810F /* Build configuration list for PBXProject "CombiningSwiftUI" */;
			compatibilityVersion = "Xcode 14.0";
			developmentRegion = en;
			hasScannedForEncodings = 0;
			knownRegions = (
				en,
				Base,
			);
			mainGroup = EBB161002B0BA50700A9810F;
			productRefGroup = EBB1610A2B0BA50800A9810F /* Products */;
			projectDirPath = "";
			projectRoot = "";
			targets = (
				EBB161082B0BA50800A9810F /* CombiningSwiftUI */,
				EBB161182B0BA50A00A9810F /* CombiningSwiftUITests */,
				EBB161222B0BA50A00A9810F /* CombiningSwiftUIUITests */,
			);
		};
/* End PBXProject section */

/* Begin PBXResourcesBuildPhase section */
		EBB161072B0BA50800A9810F /* Resources */ = {
			isa = PBXResourcesBuildPhase;
			buildActionMask = 2147483647;
			files = (
				EBB161142B0BA50A00A9810F /* Preview Assets.xcassets in Resources */,
				EBB161112B0BA50A00A9810F /* Assets.xcassets in Resources */,
			);
			runOnlyForDeploymentPostprocessing = 0;
		};
		EBB161172B0BA50A00A9810F /* Resources */ = {
			isa = PBXResourcesBuildPhase;
			buildActionMask = 2147483647;
			files = (
			);
			runOnlyForDeploymentPostprocessing = 0;
		};
		EBB161212B0BA50A00A9810F /* Resources */ = {
			isa = PBXResourcesBuildPhase;
			buildActionMask = 2147483647;
			files = (
			);
			runOnlyForDeploymentPostprocessing = 0;
		};
/* End PBXResourcesBuildPhase section */

/* Begin PBXSourcesBuildPhase section */
		EBB161052B0BA50800A9810F /* Sources */ = {
			isa = PBXSourcesBuildPhase;
			buildActionMask = 2147483647;
			files = (
				EBB1610F2B0BA50800A9810F /* ContentView.swift in Sources */,
				EBB1610D2B0BA50800A9810F /* CombiningSwiftUIApp.swift in Sources */,
			);
			runOnlyForDeploymentPostprocessing = 0;
		};
		EBB161152B0BA50A00A9810F /* Sources */ = {
			isa = PBXSourcesBuildPhase;
			buildActionMask = 2147483647;
			files = (
				EBB1611E2B0BA50A00A9810F /* CombiningSwiftUITests.swift in Sources */,
			);
			runOnlyForDeploymentPostprocessing = 0;
		};
		EBB1611F2B0BA50A00A9810F /* Sources */ = {
			isa = PBXSourcesBuildPhase;
			buildActionMask = 2147483647;
			files = (
				EBB161282B0BA50A00A9810F /* CombiningSwiftUIUITests.swift in Sources */,
				EBB1612A2B0BA50A00A9810F /* CombiningSwiftUIUITestsLaunchTests.swift in Sources */,
			);
			runOnlyForDeploymentPostprocessing = 0;
		};
/* End PBXSourcesBuildPhase section */

/* Begin PBXTargetDependency section */
		EBB1611B2B0BA50A00A9810F /* PBXTargetDependency */ = {
			isa = PBXTargetDependency;
			target = EBB161082B0BA50800A9810F /* CombiningSwiftUI */;
			targetProxy = EBB1611A2B0BA50A00A9810F /* PBXContainerItemProxy */;
		};
		EBB161252B0BA50A00A9810F /* PBXTargetDependency */ = {
			isa = PBXTargetDependency;
			target = EBB161082B0BA50800A9810F /* CombiningSwiftUI */;
			targetProxy = EBB161242B0BA50A00A9810F /* PBXContainerItemProxy */;
		};
/* End PBXTargetDependency section */

/* Begin XCBuildConfiguration section */
		EBB1612B2B0BA50A00A9810F /* Debug */ = {
			isa = XCBuildConfiguration;
			buildSettings = {
				ALWAYS_SEARCH_USER_PATHS = NO;
				ASSETCATALOG_COMPILER_GENERATE_SWIFT_ASSET_SYMBOL_EXTENSIONS = YES;
				CLANG_ANALYZER_NONNULL = YES;
				CLANG_ANALYZER_NUMBER_OBJECT_CONVERSION = YES_AGGRESSIVE;
				CLANG_CXX_LANGUAGE_STANDARD = "gnu++20";
				CLANG_ENABLE_MODULES = YES;
				CLANG_ENABLE_OBJC_ARC = YES;
				CLANG_ENABLE_OBJC_WEAK = YES;
				CLANG_WARN_BLOCK_CAPTURE_AUTORELEASING = YES;
				CLANG_WARN_BOOL_CONVERSION = YES;
				CLANG_WARN_COMMA = YES;
				CLANG_WARN_CONSTANT_CONVERSION = YES;
				CLANG_WARN_DEPRECATED_OBJC_IMPLEMENTATIONS = YES;
				CLANG_WARN_DIRECT_OBJC_ISA_USAGE = YES_ERROR;
				CLANG_WARN_DOCUMENTATION_COMMENTS = YES;
				CLANG_WARN_EMPTY_BODY = YES;
				CLANG_WARN_ENUM_CONVERSION = YES;
				CLANG_WARN_INFINITE_RECURSION = YES;
				CLANG_WARN_INT_CONVERSION = YES;
				CLANG_WARN_NON_LITERAL_NULL_CONVERSION = YES;
				CLANG_WARN_OBJC_IMPLICIT_RETAIN_SELF = YES;
				CLANG_WARN_OBJC_LITERAL_CONVERSION = YES;
				CLANG_WARN_OBJC_ROOT_CLASS = YES_ERROR;
				CLANG_WARN_QUOTED_INCLUDE_IN_FRAMEWORK_HEADER = YES;
				CLANG_WARN_RANGE_LOOP_ANALYSIS = YES;
				CLANG_WARN_STRICT_PROTOTYPES = YES;
				CLANG_WARN_SUSPICIOUS_MOVE = YES;
				CLANG_WARN_UNGUARDED_AVAILABILITY = YES_AGGRESSIVE;
				CLANG_WARN_UNREACHABLE_CODE = YES;
				CLANG_WARN__DUPLICATE_METHOD_MATCH = YES;
				COPY_PHASE_STRIP = NO;
				DEBUG_INFORMATION_FORMAT = dwarf;
				ENABLE_STRICT_OBJC_MSGSEND = YES;
				ENABLE_TESTABILITY = YES;
				ENABLE_USER_SCRIPT_SANDBOXING = YES;
				GCC_C_LANGUAGE_STANDARD = gnu17;
				GCC_DYNAMIC_NO_PIC = NO;
				GCC_NO_COMMON_BLOCKS = YES;
				GCC_OPTIMIZATION_LEVEL = 0;
				GCC_PREPROCESSOR_DEFINITIONS = (
					"DEBUG=1",
					"$(inherited)",
				);
				GCC_WARN_64_TO_32_BIT_CONVERSION = YES;
				GCC_WARN_ABOUT_RETURN_TYPE = YES_ERROR;
				GCC_WARN_UNDECLARED_SELECTOR = YES;
				GCC_WARN_UNINITIALIZED_AUTOS = YES_AGGRESSIVE;
				GCC_WARN_UNUSED_FUNCTION = YES;
				GCC_WARN_UNUSED_VARIABLE = YES;
				IPHONEOS_DEPLOYMENT_TARGET = 17.0;
				LOCALIZATION_PREFERS_STRING_CATALOGS = YES;
				MTL_ENABLE_DEBUG_INFO = INCLUDE_SOURCE;
				MTL_FAST_MATH = YES;
				ONLY_ACTIVE_ARCH = YES;
				SDKROOT = iphoneos;
				SWIFT_ACTIVE_COMPILATION_CONDITIONS = "DEBUG $(inherited)";
				SWIFT_OPTIMIZATION_LEVEL = "-Onone";
			};
			name = Debug;
		};
		EBB1612C2B0BA50A00A9810F /* Release */ = {
			isa = XCBuildConfiguration;
			buildSettings = {
				ALWAYS_SEARCH_USER_PATHS = NO;
				ASSETCATALOG_COMPILER_GENERATE_SWIFT_ASSET_SYMBOL_EXTENSIONS = YES;
				CLANG_ANALYZER_NONNULL = YES;
				CLANG_ANALYZER_NUMBER_OBJECT_CONVERSION = YES_AGGRESSIVE;
				CLANG_CXX_LANGUAGE_STANDARD = "gnu++20";
				CLANG_ENABLE_MODULES = YES;
				CLANG_ENABLE_OBJC_ARC = YES;
				CLANG_ENABLE_OBJC_WEAK = YES;
				CLANG_WARN_BLOCK_CAPTURE_AUTORELEASING = YES;
				CLANG_WARN_BOOL_CONVERSION = YES;
				CLANG_WARN_COMMA = YES;
				CLANG_WARN_CONSTANT_CONVERSION = YES;
				CLANG_WARN_DEPRECATED_OBJC_IMPLEMENTATIONS = YES;
				CLANG_WARN_DIRECT_OBJC_ISA_USAGE = YES_ERROR;
				CLANG_WARN_DOCUMENTATION_COMMENTS = YES;
				CLANG_WARN_EMPTY_BODY = YES;
				CLANG_WARN_ENUM_CONVERSION = YES;
				CLANG_WARN_INFINITE_RECURSION = YES;
				CLANG_WARN_INT_CONVERSION = YES;
				CLANG_WARN_NON_LITERAL_NULL_CONVERSION = YES;
				CLANG_WARN_OBJC_IMPLICIT_RETAIN_SELF = YES;
				CLANG_WARN_OBJC_LITERAL_CONVERSION = YES;
				CLANG_WARN_OBJC_ROOT_CLASS = YES_ERROR;
				CLANG_WARN_QUOTED_INCLUDE_IN_FRAMEWORK_HEADER = YES;
				CLANG_WARN_RANGE_LOOP_ANALYSIS = YES;
				CLANG_WARN_STRICT_PROTOTYPES = YES;
				CLANG_WARN_SUSPICIOUS_MOVE = YES;
				CLANG_WARN_UNGUARDED_AVAILABILITY = YES_AGGRESSIVE;
				CLANG_WARN_UNREACHABLE_CODE = YES;
				CLANG_WARN__DUPLICATE_METHOD_MATCH = YES;
				COPY_PHASE_STRIP = NO;
				DEBUG_INFORMATION_FORMAT = "dwarf-with-dsym";
				ENABLE_NS_ASSERTIONS = NO;
				ENABLE_STRICT_OBJC_MSGSEND = YES;
				ENABLE_USER_SCRIPT_SANDBOXING = YES;
				GCC_C_LANGUAGE_STANDARD = gnu17;
				GCC_NO_COMMON_BLOCKS = YES;
				GCC_WARN_64_TO_32_BIT_CONVERSION = YES;
				GCC_WARN_ABOUT_RETURN_TYPE = YES_ERROR;
				GCC_WARN_UNDECLARED_SELECTOR = YES;
				GCC_WARN_UNINITIALIZED_AUTOS = YES_AGGRESSIVE;
				GCC_WARN_UNUSED_FUNCTION = YES;
				GCC_WARN_UNUSED_VARIABLE = YES;
				IPHONEOS_DEPLOYMENT_TARGET = 17.0;
				LOCALIZATION_PREFERS_STRING_CATALOGS = YES;
				MTL_ENABLE_DEBUG_INFO = NO;
				MTL_FAST_MATH = YES;
				SDKROOT = iphoneos;
				SWIFT_COMPILATION_MODE = wholemodule;
				VALIDATE_PRODUCT = YES;
			};
			name = Release;
		};
		EBB1612E2B0BA50A00A9810F /* Debug */ = {
			isa = XCBuildConfiguration;
			buildSettings = {
				ASSETCATALOG_COMPILER_APPICON_NAME = AppIcon;
				ASSETCATALOG_COMPILER_GLOBAL_ACCENT_COLOR_NAME = AccentColor;
				CODE_SIGN_STYLE = Automatic;
				CURRENT_PROJECT_VERSION = 1;
				DEVELOPMENT_ASSET_PATHS = "\"CombiningSwiftUI/Preview Content\"";
				ENABLE_PREVIEWS = YES;
				GENERATE_INFOPLIST_FILE = YES;
				INFOPLIST_KEY_UIApplicationSceneManifest_Generation = YES;
				INFOPLIST_KEY_UIApplicationSupportsIndirectInputEvents = YES;
				INFOPLIST_KEY_UILaunchScreen_Generation = YES;
				INFOPLIST_KEY_UISupportedInterfaceOrientations_iPad = "UIInterfaceOrientationPortrait UIInterfaceOrientationPortraitUpsideDown UIInterfaceOrientationLandscapeLeft UIInterfaceOrientationLandscapeRight";
				INFOPLIST_KEY_UISupportedInterfaceOrientations_iPhone = "UIInterfaceOrientationPortrait UIInterfaceOrientationLandscapeLeft UIInterfaceOrientationLandscapeRight";
				LD_RUNPATH_SEARCH_PATHS = (
					"$(inherited)",
					"@executable_path/Frameworks",
				);
				MARKETING_VERSION = 1.0;
				PRODUCT_BUNDLE_IDENTIFIER = stuff.CombiningSwiftUI;
				PRODUCT_NAME = "$(TARGET_NAME)";
				SWIFT_EMIT_LOC_STRINGS = YES;
				SWIFT_VERSION = 5.0;
				TARGETED_DEVICE_FAMILY = "1,2";
			};
			name = Debug;
		};
		EBB1612F2B0BA50A00A9810F /* Release */ = {
			isa = XCBuildConfiguration;
			buildSettings = {
				ASSETCATALOG_COMPILER_APPICON_NAME = AppIcon;
				ASSETCATALOG_COMPILER_GLOBAL_ACCENT_COLOR_NAME = AccentColor;
				CODE_SIGN_STYLE = Automatic;
				CURRENT_PROJECT_VERSION = 1;
				DEVELOPMENT_ASSET_PATHS = "\"CombiningSwiftUI/Preview Content\"";
				ENABLE_PREVIEWS = YES;
				GENERATE_INFOPLIST_FILE = YES;
				INFOPLIST_KEY_UIApplicationSceneManifest_Generation = YES;
				INFOPLIST_KEY_UIApplicationSupportsIndirectInputEvents = YES;
				INFOPLIST_KEY_UILaunchScreen_Generation = YES;
				INFOPLIST_KEY_UISupportedInterfaceOrientations_iPad = "UIInterfaceOrientationPortrait UIInterfaceOrientationPortraitUpsideDown UIInterfaceOrientationLandscapeLeft UIInterfaceOrientationLandscapeRight";
				INFOPLIST_KEY_UISupportedInterfaceOrientations_iPhone = "UIInterfaceOrientationPortrait UIInterfaceOrientationLandscapeLeft UIInterfaceOrientationLandscapeRight";
				LD_RUNPATH_SEARCH_PATHS = (
					"$(inherited)",
					"@executable_path/Frameworks",
				);
				MARKETING_VERSION = 1.0;
				PRODUCT_BUNDLE_IDENTIFIER = stuff.CombiningSwiftUI;
				PRODUCT_NAME = "$(TARGET_NAME)";
				SWIFT_EMIT_LOC_STRINGS = YES;
				SWIFT_VERSION = 5.0;
				TARGETED_DEVICE_FAMILY = "1,2";
			};
			name = Release;
		};
		EBB161312B0BA50A00A9810F /* Debug */ = {
			isa = XCBuildConfiguration;
			buildSettings = {
				ALWAYS_EMBED_SWIFT_STANDARD_LIBRARIES = YES;
				BUNDLE_LOADER = "$(TEST_HOST)";
				CODE_SIGN_STYLE = Automatic;
				CURRENT_PROJECT_VERSION = 1;
				GENERATE_INFOPLIST_FILE = YES;
				IPHONEOS_DEPLOYMENT_TARGET = 17.0;
				MARKETING_VERSION = 1.0;
				PRODUCT_BUNDLE_IDENTIFIER = stuff.CombiningSwiftUITests;
				PRODUCT_NAME = "$(TARGET_NAME)";
				SWIFT_EMIT_LOC_STRINGS = NO;
				SWIFT_VERSION = 5.0;
				TARGETED_DEVICE_FAMILY = "1,2";
				TEST_HOST = "$(BUILT_PRODUCTS_DIR)/CombiningSwiftUI.app/$(BUNDLE_EXECUTABLE_FOLDER_PATH)/CombiningSwiftUI";
			};
			name = Debug;
		};
		EBB161322B0BA50A00A9810F /* Release */ = {
			isa = XCBuildConfiguration;
			buildSettings = {
				ALWAYS_EMBED_SWIFT_STANDARD_LIBRARIES = YES;
				BUNDLE_LOADER = "$(TEST_HOST)";
				CODE_SIGN_STYLE = Automatic;
				CURRENT_PROJECT_VERSION = 1;
				GENERATE_INFOPLIST_FILE = YES;
				IPHONEOS_DEPLOYMENT_TARGET = 17.0;
				MARKETING_VERSION = 1.0;
				PRODUCT_BUNDLE_IDENTIFIER = stuff.CombiningSwiftUITests;
				PRODUCT_NAME = "$(TARGET_NAME)";
				SWIFT_EMIT_LOC_STRINGS = NO;
				SWIFT_VERSION = 5.0;
				TARGETED_DEVICE_FAMILY = "1,2";
				TEST_HOST = "$(BUILT_PRODUCTS_DIR)/CombiningSwiftUI.app/$(BUNDLE_EXECUTABLE_FOLDER_PATH)/CombiningSwiftUI";
			};
			name = Release;
		};
		EBB161342B0BA50A00A9810F /* Debug */ = {
			isa = XCBuildConfiguration;
			buildSettings = {
				ALWAYS_EMBED_SWIFT_STANDARD_LIBRARIES = YES;
				CODE_SIGN_STYLE = Automatic;
				CURRENT_PROJECT_VERSION = 1;
				GENERATE_INFOPLIST_FILE = YES;
				MARKETING_VERSION = 1.0;
				PRODUCT_BUNDLE_IDENTIFIER = stuff.CombiningSwiftUIUITests;
				PRODUCT_NAME = "$(TARGET_NAME)";
				SWIFT_EMIT_LOC_STRINGS = NO;
				SWIFT_VERSION = 5.0;
				TARGETED_DEVICE_FAMILY = "1,2";
				TEST_TARGET_NAME = CombiningSwiftUI;
			};
			name = Debug;
		};
		EBB161352B0BA50A00A9810F /* Release */ = {
			isa = XCBuildConfiguration;
			buildSettings = {
				ALWAYS_EMBED_SWIFT_STANDARD_LIBRARIES = YES;
				CODE_SIGN_STYLE = Automatic;
				CURRENT_PROJECT_VERSION = 1;
				GENERATE_INFOPLIST_FILE = YES;
				MARKETING_VERSION = 1.0;
				PRODUCT_BUNDLE_IDENTIFIER = stuff.CombiningSwiftUIUITests;
				PRODUCT_NAME = "$(TARGET_NAME)";
				SWIFT_EMIT_LOC_STRINGS = NO;
				SWIFT_VERSION = 5.0;
				TARGETED_DEVICE_FAMILY = "1,2";
				TEST_TARGET_NAME = CombiningSwiftUI;
			};
			name = Release;
		};
/* End XCBuildConfiguration section */

/* Begin XCConfigurationList section */
		EBB161042B0BA50700A9810F /* Build configuration list for PBXProject "CombiningSwiftUI" */ = {
			isa = XCConfigurationList;
			buildConfigurations = (
				EBB1612B2B0BA50A00A9810F /* Debug */,
				EBB1612C2B0BA50A00A9810F /* Release */,
			);
			defaultConfigurationIsVisible = 0;
			defaultConfigurationName = Release;
		};
		EBB1612D2B0BA50A00A9810F /* Build configuration list for PBXNativeTarget "CombiningSwiftUI" */ = {
			isa = XCConfigurationList;
			buildConfigurations = (
				EBB1612E2B0BA50A00A9810F /* Debug */,
				EBB1612F2B0BA50A00A9810F /* Release */,
			);
			defaultConfigurationIsVisible = 0;
			defaultConfigurationName = Release;
		};
		EBB161302B0BA50A00A9810F /* Build configuration list for PBXNativeTarget "CombiningSwiftUITests" */ = {
			isa = XCConfigurationList;
			buildConfigurations = (
				EBB161312B0BA50A00A9810F /* Debug */,
				EBB161322B0BA50A00A9810F /* Release */,
			);
			defaultConfigurationIsVisible = 0;
			defaultConfigurationName = Release;
		};
		EBB161332B0BA50A00A9810F /* Build configuration list for PBXNativeTarget "CombiningSwiftUIUITests" */ = {
			isa = XCConfigurationList;
			buildConfigurations = (
				EBB161342B0BA50A00A9810F /* Debug */,
				EBB161352B0BA50A00A9810F /* Release */,
			);
			defaultConfigurationIsVisible = 0;
			defaultConfigurationName = Release;
		};
/* End XCConfigurationList section */
	};
	rootObject = EBB161012B0BA50700A9810F /* Project object */;
}
